<?xml version="1.0" encoding="utf-8"?>
<Project ToolsVersion="4.0" xmlns="http://schemas.microsoft.com/developer/msbuild/2003">
  <ItemGroup>
    <ClCompile Include="Source\Texture.cpp">
      <Filter>Graphics</Filter>
    </ClCompile>
    <ClCompile Include="Source\Core.cpp">
      <Filter>Core</Filter>
    </ClCompile>
    <ClCompile Include="Source\Main.cpp">
      <Filter>Core</Filter>
    </ClCompile>
    <ClCompile Include="Source\GraphicsManager.cpp">
      <Filter>Graphics</Filter>
    </ClCompile>
    <ClCompile Include="Source\PhysicsManager.cpp">
      <Filter>Physics</Filter>
    </ClCompile>
    <ClCompile Include="Source\LuaManager.cpp">
      <Filter>GameObject</Filter>
    </ClCompile>
    <ClCompile Include="Source\Model.cpp">
      <Filter>Graphics</Filter>
    </ClCompile>
  </ItemGroup>
  <ItemGroup>
    <ClInclude Include="Source\Texture.h">
      <Filter>Graphics</Filter>
    </ClInclude>
    <ClInclude Include="Source\GameObject.h">
      <Filter>GameObject</Filter>
    </ClInclude>
    <ClInclude Include="Source\Transform.h">
      <Filter>GameObject</Filter>
    </ClInclude>
    <ClInclude Include="Source\Core.h">
      <Filter>Core</Filter>
    </ClInclude>
    <ClInclude Include="Source\Precompiled.h">
      <Filter>Core</Filter>
    </ClInclude>
    <ClInclude Include="Source\Collider.h">
      <Filter>Physics</Filter>
    </ClInclude>
    <ClInclude Include="Source\GraphicsManager.h">
      <Filter>Graphics</Filter>
    </ClInclude>
    <ClInclude Include="Source\IManager.h">
      <Filter>Core</Filter>
    </ClInclude>
    <ClInclude Include="Source\Event.h">
      <Filter>Core</Filter>
    </ClInclude>
    <ClInclude Include="Source\PhysicsManager.h">
      <Filter>Physics</Filter>
    </ClInclude>
    <ClInclude Include="Source\LuaManager.h">
      <Filter>GameObject</Filter>
    </ClInclude>
    <ClInclude Include="Source\Model.h">
      <Filter>Graphics</Filter>
    </ClInclude>
  </ItemGroup>
  <ItemGroup>
    <Filter Include="Graphics">
      <UniqueIdentifier>{96d8d00f-b44d-426c-ab6a-8cbb0a3ca08b}</UniqueIdentifier>
    </Filter>
    <Filter Include="GameObject">
      <UniqueIdentifier>{3ece0f64-0867-4630-91fa-e077fab5a4fa}</UniqueIdentifier>
    </Filter>
    <Filter Include="Core">
      <UniqueIdentifier>{bb1afe6e-8846-4121-a0b2-3168151e4a5a}</UniqueIdentifier>
    </Filter>
    <Filter Include="Physics">
      <UniqueIdentifier>{ac14b081-0e96-44f1-9670-83c0c04f0f28}</UniqueIdentifier>
    </Filter>
  </ItemGroup>
</Project>